// !$*UTF8*$!
{
	archiveVersion = 1;
	classes = {
	};
	objectVersion = 51;
	objects = {

/* Begin PBXBuildFile section */
		5580960324BDC81300FC19C5 /* StartViewPresenter.swift in Sources */ = {isa = PBXBuildFile; fileRef = 5580960224BDC81300FC19C5 /* StartViewPresenter.swift */; };
		5580960424BDC96C00FC19C5 /* StartViewController.swift in Sources */ = {isa = PBXBuildFile; fileRef = 558095FF24BCCEE500FC19C5 /* StartViewController.swift */; };
		5580960624BDCBDC00FC19C5 /* GoogleService-Info.plist in Resources */ = {isa = PBXBuildFile; fileRef = 5580960524BDCBDC00FC19C5 /* GoogleService-Info.plist */; };
		5580960D24BF0DF700FC19C5 /* HomeViewController.swift in Sources */ = {isa = PBXBuildFile; fileRef = 55FA873F24B09D2E00163055 /* HomeViewController.swift */; };
		5580961124C013FE00FC19C5 /* StaticData.swift in Sources */ = {isa = PBXBuildFile; fileRef = 5580961024C013FE00FC19C5 /* StaticData.swift */; };
		5580961424C017E100FC19C5 /* ResultCell.swift in Sources */ = {isa = PBXBuildFile; fileRef = 5580961224C017E100FC19C5 /* ResultCell.swift */; };
		5580961524C017E100FC19C5 /* ResultCell.xib in Resources */ = {isa = PBXBuildFile; fileRef = 5580961324C017E100FC19C5 /* ResultCell.xib */; };
		5580961924C029EE00FC19C5 /* HistoryData.swift in Sources */ = {isa = PBXBuildFile; fileRef = 5580961824C029EE00FC19C5 /* HistoryData.swift */; };
		5580961B24C02D1F00FC19C5 /* ResultViewPresenter.swift in Sources */ = {isa = PBXBuildFile; fileRef = 5580961624C01A8100FC19C5 /* ResultViewPresenter.swift */; };
		5580962424C2FD1E00FC19C5 /* LevelListViewPresenter.swift in Sources */ = {isa = PBXBuildFile; fileRef = 5580962224C2FC8A00FC19C5 /* LevelListViewPresenter.swift */; };
		5580962724C32F6D00FC19C5 /* HomeViewPresenter.swift in Sources */ = {isa = PBXBuildFile; fileRef = 556B672724B8C9350027D4D5 /* HomeViewPresenter.swift */; };
		5580962D24C377B500FC19C5 /* Pods_SmokingTimer.framework in Frameworks */ = {isa = PBXBuildFile; fileRef = 5DAC68796F68F9FA50328438 /* Pods_SmokingTimer.framework */; };
		5580963124C3801D00FC19C5 /* SystemData.swift in Sources */ = {isa = PBXBuildFile; fileRef = 5580963024C3801D00FC19C5 /* SystemData.swift */; };
		5580963B24C646C300FC19C5 /* CellSection.swift in Sources */ = {isa = PBXBuildFile; fileRef = 5580963A24C646C100FC19C5 /* CellSection.swift */; };
		5580963D24C6482900FC19C5 /* ExpandableHeaderView.swift in Sources */ = {isa = PBXBuildFile; fileRef = 5580963C24C6482900FC19C5 /* ExpandableHeaderView.swift */; };
		5580963E24C6507B00FC19C5 /* SystemViewController.swift in Sources */ = {isa = PBXBuildFile; fileRef = 55B7A76F24B8454F003BE363 /* SystemViewController.swift */; };
		55B7A77224B845F3003BE363 /* ResultViewController.swift in Sources */ = {isa = PBXBuildFile; fileRef = 55B7A77124B845F3003BE363 /* ResultViewController.swift */; };
		55FA873C24B09D2E00163055 /* AppDelegate.swift in Sources */ = {isa = PBXBuildFile; fileRef = 55FA873B24B09D2E00163055 /* AppDelegate.swift */; };
		55FA873E24B09D2E00163055 /* SceneDelegate.swift in Sources */ = {isa = PBXBuildFile; fileRef = 55FA873D24B09D2E00163055 /* SceneDelegate.swift */; };
		55FA874324B09D2E00163055 /* Main.storyboard in Resources */ = {isa = PBXBuildFile; fileRef = 55FA874124B09D2E00163055 /* Main.storyboard */; };
		55FA874524B09D3400163055 /* Assets.xcassets in Resources */ = {isa = PBXBuildFile; fileRef = 55FA874424B09D3400163055 /* Assets.xcassets */; };
		55FA874824B09D3400163055 /* LaunchScreen.storyboard in Resources */ = {isa = PBXBuildFile; fileRef = 55FA874624B09D3400163055 /* LaunchScreen.storyboard */; };
/* End PBXBuildFile section */

/* Begin PBXFileReference section */
		556B672724B8C9350027D4D5 /* HomeViewPresenter.swift */ = {isa = PBXFileReference; lastKnownFileType = sourcecode.swift; path = HomeViewPresenter.swift; sourceTree = "<group>"; };
		558095FF24BCCEE500FC19C5 /* StartViewController.swift */ = {isa = PBXFileReference; lastKnownFileType = sourcecode.swift; path = StartViewController.swift; sourceTree = "<group>"; };
		5580960224BDC81300FC19C5 /* StartViewPresenter.swift */ = {isa = PBXFileReference; lastKnownFileType = sourcecode.swift; path = StartViewPresenter.swift; sourceTree = "<group>"; };
		5580960524BDCBDC00FC19C5 /* GoogleService-Info.plist */ = {isa = PBXFileReference; fileEncoding = 4; lastKnownFileType = text.plist.xml; path = "GoogleService-Info.plist"; sourceTree = "<group>"; };
		5580961024C013FE00FC19C5 /* StaticData.swift */ = {isa = PBXFileReference; lastKnownFileType = sourcecode.swift; path = StaticData.swift; sourceTree = "<group>"; };
		5580961224C017E100FC19C5 /* ResultCell.swift */ = {isa = PBXFileReference; lastKnownFileType = sourcecode.swift; path = ResultCell.swift; sourceTree = "<group>"; };
		5580961324C017E100FC19C5 /* ResultCell.xib */ = {isa = PBXFileReference; lastKnownFileType = file.xib; path = ResultCell.xib; sourceTree = "<group>"; };
		5580961624C01A8100FC19C5 /* ResultViewPresenter.swift */ = {isa = PBXFileReference; lastKnownFileType = sourcecode.swift; path = ResultViewPresenter.swift; sourceTree = "<group>"; };
		5580961824C029EE00FC19C5 /* HistoryData.swift */ = {isa = PBXFileReference; lastKnownFileType = sourcecode.swift; path = HistoryData.swift; sourceTree = "<group>"; };
		5580962224C2FC8A00FC19C5 /* LevelListViewPresenter.swift */ = {isa = PBXFileReference; lastKnownFileType = sourcecode.swift; path = LevelListViewPresenter.swift; sourceTree = "<group>"; };
		5580963024C3801D00FC19C5 /* SystemData.swift */ = {isa = PBXFileReference; lastKnownFileType = sourcecode.swift; path = SystemData.swift; sourceTree = "<group>"; };
		5580963A24C646C100FC19C5 /* CellSection.swift */ = {isa = PBXFileReference; lastKnownFileType = sourcecode.swift; path = CellSection.swift; sourceTree = "<group>"; };
		5580963C24C6482900FC19C5 /* ExpandableHeaderView.swift */ = {isa = PBXFileReference; lastKnownFileType = sourcecode.swift; path = ExpandableHeaderView.swift; sourceTree = "<group>"; };
		55B7A76F24B8454F003BE363 /* SystemViewController.swift */ = {isa = PBXFileReference; lastKnownFileType = sourcecode.swift; path = SystemViewController.swift; sourceTree = "<group>"; };
		55B7A77124B845F3003BE363 /* ResultViewController.swift */ = {isa = PBXFileReference; lastKnownFileType = sourcecode.swift; path = ResultViewController.swift; sourceTree = "<group>"; };
		55FA873824B09D2E00163055 /* SmokingTimer.app */ = {isa = PBXFileReference; explicitFileType = wrapper.application; includeInIndex = 0; path = SmokingTimer.app; sourceTree = BUILT_PRODUCTS_DIR; };
		55FA873B24B09D2E00163055 /* AppDelegate.swift */ = {isa = PBXFileReference; lastKnownFileType = sourcecode.swift; path = AppDelegate.swift; sourceTree = "<group>"; };
		55FA873D24B09D2E00163055 /* SceneDelegate.swift */ = {isa = PBXFileReference; lastKnownFileType = sourcecode.swift; path = SceneDelegate.swift; sourceTree = "<group>"; };
		55FA873F24B09D2E00163055 /* HomeViewController.swift */ = {isa = PBXFileReference; lastKnownFileType = sourcecode.swift; path = HomeViewController.swift; sourceTree = "<group>"; };
		55FA874224B09D2E00163055 /* Base */ = {isa = PBXFileReference; lastKnownFileType = file.storyboard; name = Base; path = Base.lproj/Main.storyboard; sourceTree = "<group>"; };
		55FA874424B09D3400163055 /* Assets.xcassets */ = {isa = PBXFileReference; lastKnownFileType = folder.assetcatalog; path = Assets.xcassets; sourceTree = "<group>"; };
		55FA874724B09D3400163055 /* Base */ = {isa = PBXFileReference; lastKnownFileType = file.storyboard; name = Base; path = Base.lproj/LaunchScreen.storyboard; sourceTree = "<group>"; };
		55FA874924B09D3400163055 /* Info.plist */ = {isa = PBXFileReference; lastKnownFileType = text.plist.xml; path = Info.plist; sourceTree = "<group>"; };
		5DAC68796F68F9FA50328438 /* Pods_SmokingTimer.framework */ = {isa = PBXFileReference; explicitFileType = wrapper.framework; includeInIndex = 0; path = Pods_SmokingTimer.framework; sourceTree = BUILT_PRODUCTS_DIR; };
		66E946E8574514017263D122 /* Pods-SmokingTimer.release.xcconfig */ = {isa = PBXFileReference; includeInIndex = 1; lastKnownFileType = text.xcconfig; name = "Pods-SmokingTimer.release.xcconfig"; path = "Target Support Files/Pods-SmokingTimer/Pods-SmokingTimer.release.xcconfig"; sourceTree = "<group>"; };
		82CB252AF80AF01EAC896121 /* Pods-SmokingTimer.debug.xcconfig */ = {isa = PBXFileReference; includeInIndex = 1; lastKnownFileType = text.xcconfig; name = "Pods-SmokingTimer.debug.xcconfig"; path = "Target Support Files/Pods-SmokingTimer/Pods-SmokingTimer.debug.xcconfig"; sourceTree = "<group>"; };
/* End PBXFileReference section */

/* Begin PBXFrameworksBuildPhase section */
		55FA873524B09D2E00163055 /* Frameworks */ = {
			isa = PBXFrameworksBuildPhase;
			buildActionMask = 2147483647;
			files = (
				5580962D24C377B500FC19C5 /* Pods_SmokingTimer.framework in Frameworks */,
			);
			runOnlyForDeploymentPostprocessing = 0;
		};
/* End PBXFrameworksBuildPhase section */

/* Begin PBXGroup section */
		3A3F83688BA8F40CA51C94C4 /* Pods */ = {
			isa = PBXGroup;
			children = (
				82CB252AF80AF01EAC896121 /* Pods-SmokingTimer.debug.xcconfig */,
				66E946E8574514017263D122 /* Pods-SmokingTimer.release.xcconfig */,
			);
			path = Pods;
			sourceTree = "<group>";
		};
		55B7A76C24B844CA003BE363 /* Presenter */ = {
			isa = PBXGroup;
			children = (
				556B672724B8C9350027D4D5 /* HomeViewPresenter.swift */,
				5580962224C2FC8A00FC19C5 /* LevelListViewPresenter.swift */,
				5580961624C01A8100FC19C5 /* ResultViewPresenter.swift */,
				5580960224BDC81300FC19C5 /* StartViewPresenter.swift */,
			);
			path = Presenter;
			sourceTree = "<group>";
		};
		55B7A76D24B844DF003BE363 /* View */ = {
			isa = PBXGroup;
			children = (
				55FA873F24B09D2E00163055 /* HomeViewController.swift */,
				55B7A76F24B8454F003BE363 /* SystemViewController.swift */,
				55B7A77124B845F3003BE363 /* ResultViewController.swift */,
				55FA874124B09D2E00163055 /* Main.storyboard */,
				558095FF24BCCEE500FC19C5 /* StartViewController.swift */,
				5580961224C017E100FC19C5 /* ResultCell.swift */,
				5580961324C017E100FC19C5 /* ResultCell.xib */,
				5580963C24C6482900FC19C5 /* ExpandableHeaderView.swift */,
			);
			path = View;
			sourceTree = "<group>";
		};
		55B7A76E24B844E3003BE363 /* Model */ = {
			isa = PBXGroup;
			children = (
				5580961024C013FE00FC19C5 /* StaticData.swift */,
				5580961824C029EE00FC19C5 /* HistoryData.swift */,
				5580963024C3801D00FC19C5 /* SystemData.swift */,
				5580963A24C646C100FC19C5 /* CellSection.swift */,
			);
			path = Model;
			sourceTree = "<group>";
		};
		55FA872F24B09D2E00163055 = {
			isa = PBXGroup;
			children = (
				55FA873A24B09D2E00163055 /* SmokingTimer */,
				55FA873924B09D2E00163055 /* Products */,
				3A3F83688BA8F40CA51C94C4 /* Pods */,
				92DCE1AC7911C127B4F21AF8 /* Frameworks */,
			);
			sourceTree = "<group>";
		};
		55FA873924B09D2E00163055 /* Products */ = {
			isa = PBXGroup;
			children = (
				55FA873824B09D2E00163055 /* SmokingTimer.app */,
			);
			name = Products;
			sourceTree = "<group>";
		};
		55FA873A24B09D2E00163055 /* SmokingTimer */ = {
			isa = PBXGroup;
			children = (
				55B7A76E24B844E3003BE363 /* Model */,
				55B7A76D24B844DF003BE363 /* View */,
				55B7A76C24B844CA003BE363 /* Presenter */,
				55FA873B24B09D2E00163055 /* AppDelegate.swift */,
				55FA873D24B09D2E00163055 /* SceneDelegate.swift */,
				55FA874424B09D3400163055 /* Assets.xcassets */,
				55FA874624B09D3400163055 /* LaunchScreen.storyboard */,
				55FA874924B09D3400163055 /* Info.plist */,
				5580960524BDCBDC00FC19C5 /* GoogleService-Info.plist */,
			);
			path = SmokingTimer;
			sourceTree = "<group>";
		};
		92DCE1AC7911C127B4F21AF8 /* Frameworks */ = {
			isa = PBXGroup;
			children = (
				5DAC68796F68F9FA50328438 /* Pods_SmokingTimer.framework */,
			);
			name = Frameworks;
			sourceTree = "<group>";
		};
/* End PBXGroup section */

/* Begin PBXNativeTarget section */
		55FA873724B09D2E00163055 /* SmokingTimer */ = {
			isa = PBXNativeTarget;
			buildConfigurationList = 55FA874C24B09D3400163055 /* Build configuration list for PBXNativeTarget "SmokingTimer" */;
			buildPhases = (
				0F34FA5005F1A22678303D36 /* [CP] Check Pods Manifest.lock */,
				55FA873424B09D2E00163055 /* Sources */,
				55FA873524B09D2E00163055 /* Frameworks */,
				55FA873624B09D2E00163055 /* Resources */,
				CFAB872D3CF323DE7D349C4B /* [CP] Embed Pods Frameworks */,
			);
			buildRules = (
			);
			dependencies = (
			);
			name = SmokingTimer;
			productName = SmokingTimer;
			productReference = 55FA873824B09D2E00163055 /* SmokingTimer.app */;
			productType = "com.apple.product-type.application";
		};
/* End PBXNativeTarget section */

/* Begin PBXProject section */
		55FA873024B09D2E00163055 /* Project object */ = {
			isa = PBXProject;
			attributes = {
				LastSwiftUpdateCheck = 1150;
				LastUpgradeCheck = 1150;
				ORGANIZATIONNAME = "神野成紀";
				TargetAttributes = {
					55FA873724B09D2E00163055 = {
						CreatedOnToolsVersion = 11.5;
					};
				};
			};
			buildConfigurationList = 55FA873324B09D2E00163055 /* Build configuration list for PBXProject "SmokingTimer" */;
			compatibilityVersion = "Xcode 9.3";
			developmentRegion = en;
			hasScannedForEncodings = 0;
			knownRegions = (
				en,
				Base,
			);
			mainGroup = 55FA872F24B09D2E00163055;
			productRefGroup = 55FA873924B09D2E00163055 /* Products */;
			projectDirPath = "";
			projectRoot = "";
			targets = (
				55FA873724B09D2E00163055 /* SmokingTimer */,
			);
		};
/* End PBXProject section */

/* Begin PBXResourcesBuildPhase section */
		55FA873624B09D2E00163055 /* Resources */ = {
			isa = PBXResourcesBuildPhase;
			buildActionMask = 2147483647;
			files = (
				55FA874824B09D3400163055 /* LaunchScreen.storyboard in Resources */,
				5580960624BDCBDC00FC19C5 /* GoogleService-Info.plist in Resources */,
				55FA874524B09D3400163055 /* Assets.xcassets in Resources */,
				55FA874324B09D2E00163055 /* Main.storyboard in Resources */,
				5580961524C017E100FC19C5 /* ResultCell.xib in Resources */,
			);
			runOnlyForDeploymentPostprocessing = 0;
		};
/* End PBXResourcesBuildPhase section */

/* Begin PBXShellScriptBuildPhase section */
		0F34FA5005F1A22678303D36 /* [CP] Check Pods Manifest.lock */ = {
			isa = PBXShellScriptBuildPhase;
			buildActionMask = 2147483647;
			files = (
			);
			inputFileListPaths = (
			);
			inputPaths = (
				"${PODS_PODFILE_DIR_PATH}/Podfile.lock",
				"${PODS_ROOT}/Manifest.lock",
			);
			name = "[CP] Check Pods Manifest.lock";
			outputFileListPaths = (
			);
			outputPaths = (
				"$(DERIVED_FILE_DIR)/Pods-SmokingTimer-checkManifestLockResult.txt",
			);
			runOnlyForDeploymentPostprocessing = 0;
			shellPath = /bin/sh;
			shellScript = "diff \"${PODS_PODFILE_DIR_PATH}/Podfile.lock\" \"${PODS_ROOT}/Manifest.lock\" > /dev/null\nif [ $? != 0 ] ; then\n    # print error to STDERR\n    echo \"error: The sandbox is not in sync with the Podfile.lock. Run 'pod install' or update your CocoaPods installation.\" >&2\n    exit 1\nfi\n# This output is used by Xcode 'outputs' to avoid re-running this script phase.\necho \"SUCCESS\" > \"${SCRIPT_OUTPUT_FILE_0}\"\n";
			showEnvVarsInLog = 0;
		};
		CFAB872D3CF323DE7D349C4B /* [CP] Embed Pods Frameworks */ = {
			isa = PBXShellScriptBuildPhase;
			buildActionMask = 2147483647;
			files = (
			);
			inputFileListPaths = (
				"${PODS_ROOT}/Target Support Files/Pods-SmokingTimer/Pods-SmokingTimer-frameworks-${CONFIGURATION}-input-files.xcfilelist",
			);
			name = "[CP] Embed Pods Frameworks";
			outputFileListPaths = (
				"${PODS_ROOT}/Target Support Files/Pods-SmokingTimer/Pods-SmokingTimer-frameworks-${CONFIGURATION}-output-files.xcfilelist",
			);
			runOnlyForDeploymentPostprocessing = 0;
			shellPath = /bin/sh;
			shellScript = "\"${PODS_ROOT}/Target Support Files/Pods-SmokingTimer/Pods-SmokingTimer-frameworks.sh\"\n";
			showEnvVarsInLog = 0;
		};
/* End PBXShellScriptBuildPhase section */

/* Begin PBXSourcesBuildPhase section */
		55FA873424B09D2E00163055 /* Sources */ = {
			isa = PBXSourcesBuildPhase;
			buildActionMask = 2147483647;
			files = (
				55B7A77224B845F3003BE363 /* ResultViewController.swift in Sources */,
				5580963D24C6482900FC19C5 /* ExpandableHeaderView.swift in Sources */,
				5580962424C2FD1E00FC19C5 /* LevelListViewPresenter.swift in Sources */,
				5580960424BDC96C00FC19C5 /* StartViewController.swift in Sources */,
				5580961B24C02D1F00FC19C5 /* ResultViewPresenter.swift in Sources */,
				55FA873C24B09D2E00163055 /* AppDelegate.swift in Sources */,
				5580960D24BF0DF700FC19C5 /* HomeViewController.swift in Sources */,
				5580963E24C6507B00FC19C5 /* SystemViewController.swift in Sources */,
				55FA873E24B09D2E00163055 /* SceneDelegate.swift in Sources */,
				5580961124C013FE00FC19C5 /* StaticData.swift in Sources */,
				5580960324BDC81300FC19C5 /* StartViewPresenter.swift in Sources */,
				5580961924C029EE00FC19C5 /* HistoryData.swift in Sources */,
				5580963124C3801D00FC19C5 /* SystemData.swift in Sources */,
				5580962724C32F6D00FC19C5 /* HomeViewPresenter.swift in Sources */,
				5580963B24C646C300FC19C5 /* CellSection.swift in Sources */,
				5580961424C017E100FC19C5 /* ResultCell.swift in Sources */,
			);
			runOnlyForDeploymentPostprocessing = 0;
		};
/* End PBXSourcesBuildPhase section */

/* Begin PBXVariantGroup section */
		55FA874124B09D2E00163055 /* Main.storyboard */ = {
			isa = PBXVariantGroup;
			children = (
				55FA874224B09D2E00163055 /* Base */,
			);
			name = Main.storyboard;
			sourceTree = "<group>";
		};
		55FA874624B09D3400163055 /* LaunchScreen.storyboard */ = {
			isa = PBXVariantGroup;
			children = (
				55FA874724B09D3400163055 /* Base */,
			);
			name = LaunchScreen.storyboard;
			sourceTree = "<group>";
		};
/* End PBXVariantGroup section */

/* Begin XCBuildConfiguration section */
		55FA874A24B09D3400163055 /* Debug */ = {
			isa = XCBuildConfiguration;
			buildSettings = {
				ALWAYS_SEARCH_USER_PATHS = NO;
				CLANG_ANALYZER_NONNULL = YES;
				CLANG_ANALYZER_NUMBER_OBJECT_CONVERSION = YES_AGGRESSIVE;
				CLANG_CXX_LANGUAGE_STANDARD = "gnu++14";
				CLANG_CXX_LIBRARY = "libc++";
				CLANG_ENABLE_MODULES = YES;
				CLANG_ENABLE_OBJC_ARC = YES;
				CLANG_ENABLE_OBJC_WEAK = YES;
				CLANG_WARN_BLOCK_CAPTURE_AUTORELEASING = YES;
				CLANG_WARN_BOOL_CONVERSION = YES;
				CLANG_WARN_COMMA = YES;
				CLANG_WARN_CONSTANT_CONVERSION = YES;
				CLANG_WARN_DEPRECATED_OBJC_IMPLEMENTATIONS = YES;
				CLANG_WARN_DIRECT_OBJC_ISA_USAGE = YES_ERROR;
				CLANG_WARN_DOCUMENTATION_COMMENTS = YES;
				CLANG_WARN_EMPTY_BODY = YES;
				CLANG_WARN_ENUM_CONVERSION = YES;
				CLANG_WARN_INFINITE_RECURSION = YES;
				CLANG_WARN_INT_CONVERSION = YES;
				CLANG_WARN_NON_LITERAL_NULL_CONVERSION = YES;
				CLANG_WARN_OBJC_IMPLICIT_RETAIN_SELF = YES;
				CLANG_WARN_OBJC_LITERAL_CONVERSION = YES;
				CLANG_WARN_OBJC_ROOT_CLASS = YES_ERROR;
				CLANG_WARN_RANGE_LOOP_ANALYSIS = YES;
				CLANG_WARN_STRICT_PROTOTYPES = YES;
				CLANG_WARN_SUSPICIOUS_MOVE = YES;
				CLANG_WARN_UNGUARDED_AVAILABILITY = YES_AGGRESSIVE;
				CLANG_WARN_UNREACHABLE_CODE = YES;
				CLANG_WARN__DUPLICATE_METHOD_MATCH = YES;
				COPY_PHASE_STRIP = NO;
				DEBUG_INFORMATION_FORMAT = dwarf;
				ENABLE_STRICT_OBJC_MSGSEND = YES;
				ENABLE_TESTABILITY = YES;
				GCC_C_LANGUAGE_STANDARD = gnu11;
				GCC_DYNAMIC_NO_PIC = NO;
				GCC_NO_COMMON_BLOCKS = YES;
				GCC_OPTIMIZATION_LEVEL = 0;
				GCC_PREPROCESSOR_DEFINITIONS = (
					"DEBUG=1",
					"$(inherited)",
				);
				GCC_WARN_64_TO_32_BIT_CONVERSION = YES;
				GCC_WARN_ABOUT_RETURN_TYPE = YES_ERROR;
				GCC_WARN_UNDECLARED_SELECTOR = YES;
				GCC_WARN_UNINITIALIZED_AUTOS = YES_AGGRESSIVE;
				GCC_WARN_UNUSED_FUNCTION = YES;
				GCC_WARN_UNUSED_VARIABLE = YES;
				IPHONEOS_DEPLOYMENT_TARGET = 13.5;
				MTL_ENABLE_DEBUG_INFO = INCLUDE_SOURCE;
				MTL_FAST_MATH = YES;
				ONLY_ACTIVE_ARCH = YES;
				SDKROOT = iphoneos;
				SWIFT_ACTIVE_COMPILATION_CONDITIONS = DEBUG;
				SWIFT_OPTIMIZATION_LEVEL = "-Onone";
			};
			name = Debug;
		};
		55FA874B24B09D3400163055 /* Release */ = {
			isa = XCBuildConfiguration;
			buildSettings = {
				ALWAYS_SEARCH_USER_PATHS = NO;
				CLANG_ANALYZER_NONNULL = YES;
				CLANG_ANALYZER_NUMBER_OBJECT_CONVERSION = YES_AGGRESSIVE;
				CLANG_CXX_LANGUAGE_STANDARD = "gnu++14";
				CLANG_CXX_LIBRARY = "libc++";
				CLANG_ENABLE_MODULES = YES;
				CLANG_ENABLE_OBJC_ARC = YES;
				CLANG_ENABLE_OBJC_WEAK = YES;
				CLANG_WARN_BLOCK_CAPTURE_AUTORELEASING = YES;
				CLANG_WARN_BOOL_CONVERSION = YES;
				CLANG_WARN_COMMA = YES;
				CLANG_WARN_CONSTANT_CONVERSION = YES;
				CLANG_WARN_DEPRECATED_OBJC_IMPLEMENTATIONS = YES;
				CLANG_WARN_DIRECT_OBJC_ISA_USAGE = YES_ERROR;
				CLANG_WARN_DOCUMENTATION_COMMENTS = YES;
				CLANG_WARN_EMPTY_BODY = YES;
				CLANG_WARN_ENUM_CONVERSION = YES;
				CLANG_WARN_INFINITE_RECURSION = YES;
				CLANG_WARN_INT_CONVERSION = YES;
				CLANG_WARN_NON_LITERAL_NULL_CONVERSION = YES;
				CLANG_WARN_OBJC_IMPLICIT_RETAIN_SELF = YES;
				CLANG_WARN_OBJC_LITERAL_CONVERSION = YES;
				CLANG_WARN_OBJC_ROOT_CLASS = YES_ERROR;
				CLANG_WARN_RANGE_LOOP_ANALYSIS = YES;
				CLANG_WARN_STRICT_PROTOTYPES = YES;
				CLANG_WARN_SUSPICIOUS_MOVE = YES;
				CLANG_WARN_UNGUARDED_AVAILABILITY = YES_AGGRESSIVE;
				CLANG_WARN_UNREACHABLE_CODE = YES;
				CLANG_WARN__DUPLICATE_METHOD_MATCH = YES;
				COPY_PHASE_STRIP = NO;
				DEBUG_INFORMATION_FORMAT = "dwarf-with-dsym";
				ENABLE_NS_ASSERTIONS = NO;
				ENABLE_STRICT_OBJC_MSGSEND = YES;
				GCC_C_LANGUAGE_STANDARD = gnu11;
				GCC_NO_COMMON_BLOCKS = YES;
				GCC_WARN_64_TO_32_BIT_CONVERSION = YES;
				GCC_WARN_ABOUT_RETURN_TYPE = YES_ERROR;
				GCC_WARN_UNDECLARED_SELECTOR = YES;
				GCC_WARN_UNINITIALIZED_AUTOS = YES_AGGRESSIVE;
				GCC_WARN_UNUSED_FUNCTION = YES;
				GCC_WARN_UNUSED_VARIABLE = YES;
				IPHONEOS_DEPLOYMENT_TARGET = 13.5;
				MTL_ENABLE_DEBUG_INFO = NO;
				MTL_FAST_MATH = YES;
				SDKROOT = iphoneos;
				SWIFT_COMPILATION_MODE = wholemodule;
				SWIFT_OPTIMIZATION_LEVEL = "-O";
				VALIDATE_PRODUCT = YES;
			};
			name = Release;
		};
		55FA874D24B09D3400163055 /* Debug */ = {
			isa = XCBuildConfiguration;
			baseConfigurationReference = 82CB252AF80AF01EAC896121 /* Pods-SmokingTimer.debug.xcconfig */;
			buildSettings = {
				ASSETCATALOG_COMPILER_APPICON_NAME = AppIcon;
				CODE_SIGN_STYLE = Automatic;
				DEVELOPMENT_TEAM = "";
				INFOPLIST_FILE = SmokingTimer/Info.plist;
				LD_RUNPATH_SEARCH_PATHS = (
					"$(inherited)",
					"@executable_path/Frameworks",
				);
				PRODUCT_BUNDLE_IDENTIFIER = com.jinn.SmokingTimer;
				PRODUCT_NAME = "$(TARGET_NAME)";
				SWIFT_VERSION = 5.0;
				TARGETED_DEVICE_FAMILY = "1,2";
			};
			name = Debug;
		};
		55FA874E24B09D3400163055 /* Release */ = {
			isa = XCBuildConfiguration;
			baseConfigurationReference = 66E946E8574514017263D122 /* Pods-SmokingTimer.release.xcconfig */;
			buildSettings = {
				ASSETCATALOG_COMPILER_APPICON_NAME = AppIcon;
				CODE_SIGN_STYLE = Manual;
				DEVELOPMENT_TEAM = "";
				INFOPLIST_FILE = SmokingTimer/Info.plist;
				LD_RUNPATH_SEARCH_PATHS = (
					"$(inherited)",
					"@executable_path/Frameworks",
				);
				PRODUCT_BUNDLE_IDENTIFIER = com.jinn.SmokingTimer;
				PRODUCT_NAME = "$(TARGET_NAME)";
				PROVISIONING_PROFILE_SPECIFIER = "";
				SWIFT_VERSION = 5.0;
				TARGETED_DEVICE_FAMILY = "1,2";
			};
			name = Release;
		};
/* End XCBuildConfiguration section */

/* Begin XCConfigurationList section */
		55FA873324B09D2E00163055 /* Build configuration list for PBXProject "SmokingTimer" */ = {
			isa = XCConfigurationList;
			buildConfigurations = (
				55FA874A24B09D3400163055 /* Debug */,
				55FA874B24B09D3400163055 /* Release */,
			);
			defaultConfigurationIsVisible = 0;
			defaultConfigurationName = Release;
		};
		55FA874C24B09D3400163055 /* Build configuration list for PBXNativeTarget "SmokingTimer" */ = {
			isa = XCConfigurationList;
			buildConfigurations = (
				55FA874D24B09D3400163055 /* Debug */,
				55FA874E24B09D3400163055 /* Release */,
			);
			defaultConfigurationIsVisible = 0;
			defaultConfigurationName = Release;
		};
/* End XCConfigurationList section */
	};
	rootObject = 55FA873024B09D2E00163055 /* Project object */;
}
